# Generated by buf. DO NOT EDIT.
version: v2
deps:
  - name: buf.build/googleapis/googleapis
    commit: f52d4f76a8434cc5966798b1d3b4f110
    digest: b5:5e634ff0ee118aea188b3e9c13ad7d285a192ef6c591bc20ff5a3360438d6ca310cfe9d663b20d60e1daa21789add35b919eac84e8e94a4d576e83a50dd2d62c
  - name: buf.build/zerlok/brokrpc
    commit: dd497dfbdbbb41a493283f69f4a08529
    digest: b5:c3062f908326b3be26af4cf195936cfd326d73b13beb6c2e0247b23f7aedf9a5b1d58dc05d490c3ee2cd36349c5d565255cd45c65d6555a9e38c398ff3368ce0
